
Microsoft Visual Studio Solution File, Format Version 12.00
Project("{FAE04EC0-301F-11D3-BF4B-00C04F79EFBC}") = "CodeWars-PointsOfReflection", "CodeWars-PointsOfReflection\CodeWars-PointsOfReflection.csproj", "{6BFFD292-2C78-449D-9CE5-25DD81180878}"
EndProject
Global
	GlobalSection(SolutionConfigurationPlatforms) = preSolution
		Debug|Any CPU = Debug|Any CPU
		Release|Any CPU = Release|Any CPU
	EndGlobalSection
	GlobalSection(ProjectConfigurationPlatforms) = postSolution
		{6BFFD292-2C78-449D-9CE5-25DD81180878}.Debug|Any CPU.ActiveCfg = Debug|Any CPU
		{6BFFD292-2C78-449D-9CE5-25DD81180878}.Debug|Any CPU.Build.0 = Debug|Any CPU
		{6BFFD292-2C78-449D-9CE5-25DD81180878}.Release|Any CPU.ActiveCfg = Release|Any CPU
		{6BFFD292-2C78-449D-9CE5-25DD81180878}.Release|Any CPU.Build.0 = Release|Any CPU
	EndGlobalSection
EndGlobal
